
Microsoft Visual Studio Solution File, Format Version 12.00
# Visual Studio 15
Project("{FAE04EC0-301F-11D3-BF4B-00C04F79EFBC}") = "Assembly-CSharp-Editor", "Assembly-CSharp-Editor.csproj", "{FBEFB1D7-7AB3-2572-6A9B-EC1F7CA7A483}"
EndProject
Project("{FAE04EC0-301F-11D3-BF4B-00C04F79EFBC}") = "Assembly-CSharp", "Assembly-CSharp.csproj", "{C769C18A-7178-E63B-5209-18C6C6CBB311}"
EndProject
Global
	GlobalSection(SolutionConfigurationPlatforms) = preSolution
		Debug|Any CPU = Debug|Any CPU
		Release|Any CPU = Release|Any CPU
	EndGlobalSection
	GlobalSection(ProjectConfigurationPlatforms) = postSolution
		{FBEFB1D7-7AB3-2572-6A9B-EC1F7CA7A483}.Debug|Any CPU.ActiveCfg = Debug|Any CPU
		{FBEFB1D7-7AB3-2572-6A9B-EC1F7CA7A483}.Debug|Any CPU.Build.0 = Debug|Any CPU
		{FBEFB1D7-7AB3-2572-6A9B-EC1F7CA7A483}.Release|Any CPU.ActiveCfg = Release|Any CPU
		{FBEFB1D7-7AB3-2572-6A9B-EC1F7CA7A483}.Release|Any CPU.Build.0 = Release|Any CPU
		{C769C18A-7178-E63B-5209-18C6C6CBB311}.Debug|Any CPU.ActiveCfg = Debug|Any CPU
		{C769C18A-7178-E63B-5209-18C6C6CBB311}.Debug|Any CPU.Build.0 = Debug|Any CPU
		{C769C18A-7178-E63B-5209-18C6C6CBB311}.Release|Any CPU.ActiveCfg = Release|Any CPU
		{C769C18A-7178-E63B-5209-18C6C6CBB311}.Release|Any CPU.Build.0 = Release|Any CPU
	EndGlobalSection
	GlobalSection(SolutionProperties) = preSolution
		HideSolutionNode = FALSE
	EndGlobalSection
EndGlobal
