
Microsoft Visual Studio Solution File, Format Version 12.00
# Visual Studio 15
Project("{FAE04EC0-301F-11D3-BF4B-00C04F79EFBC}") = "Assembly-CSharp-Editor", "Assembly-CSharp-Editor.csproj", "{4800B05F-B728-1441-7C16-66EF7C50201F}"
EndProject
Project("{FAE04EC0-301F-11D3-BF4B-00C04F79EFBC}") = "Assembly-CSharp", "Assembly-CSharp.csproj", "{9BEE3AE3-C64B-B90A-2DA4-10C3AC16F37F}"
EndProject
Global
	GlobalSection(SolutionConfigurationPlatforms) = preSolution
		Debug|Any CPU = Debug|Any CPU
		Release|Any CPU = Release|Any CPU
	EndGlobalSection
	GlobalSection(ProjectConfigurationPlatforms) = postSolution
		{4800B05F-B728-1441-7C16-66EF7C50201F}.Debug|Any CPU.ActiveCfg = Debug|Any CPU
		{4800B05F-B728-1441-7C16-66EF7C50201F}.Debug|Any CPU.Build.0 = Debug|Any CPU
		{4800B05F-B728-1441-7C16-66EF7C50201F}.Release|Any CPU.ActiveCfg = Release|Any CPU
		{4800B05F-B728-1441-7C16-66EF7C50201F}.Release|Any CPU.Build.0 = Release|Any CPU
		{9BEE3AE3-C64B-B90A-2DA4-10C3AC16F37F}.Debug|Any CPU.ActiveCfg = Debug|Any CPU
		{9BEE3AE3-C64B-B90A-2DA4-10C3AC16F37F}.Debug|Any CPU.Build.0 = Debug|Any CPU
		{9BEE3AE3-C64B-B90A-2DA4-10C3AC16F37F}.Release|Any CPU.ActiveCfg = Release|Any CPU
		{9BEE3AE3-C64B-B90A-2DA4-10C3AC16F37F}.Release|Any CPU.Build.0 = Release|Any CPU
	EndGlobalSection
	GlobalSection(SolutionProperties) = preSolution
		HideSolutionNode = FALSE
	EndGlobalSection
EndGlobal
